
Microsoft Visual Studio Solution File, Format Version 12.00
# Visual Studio Version 16
VisualStudioVersion = 16.0.31019.35
MinimumVisualStudioVersion = 10.0.40219.1
Project("{FAE04EC0-301F-11D3-BF4B-00C04F79EFBC}") = "Practice(Steam)", "Practice(Steam)\Practice(Steam).csproj", "{7FB4AED6-76A5-4DC3-8767-D5519E46B4FE}"
EndProject
Global
	GlobalSection(SolutionConfigurationPlatforms) = preSolution
		Debug|Any CPU = Debug|Any CPU
		Release|Any CPU = Release|Any CPU
	EndGlobalSection
	GlobalSection(ProjectConfigurationPlatforms) = postSolution
		{7FB4AED6-76A5-4DC3-8767-D5519E46B4FE}.Debug|Any CPU.ActiveCfg = Debug|Any CPU
		{7FB4AED6-76A5-4DC3-8767-D5519E46B4FE}.Debug|Any CPU.Build.0 = Debug|Any CPU
		{7FB4AED6-76A5-4DC3-8767-D5519E46B4FE}.Release|Any CPU.ActiveCfg = Release|Any CPU
		{7FB4AED6-76A5-4DC3-8767-D5519E46B4FE}.Release|Any CPU.Build.0 = Release|Any CPU
	EndGlobalSection
	GlobalSection(SolutionProperties) = preSolution
		HideSolutionNode = FALSE
	EndGlobalSection
	GlobalSection(ExtensibilityGlobals) = postSolution
		SolutionGuid = {F82573FA-2D1D-407F-886D-55859F5B2D09}
	EndGlobalSection
EndGlobal
